# This file was autogenerated by Stack.
# You should not edit this file by hand.
# For more information, please see the documentation at:
#   https://docs.haskellstack.org/en/stable/lock_files

packages:
- completed:
    hackage: memoize-1.1.1@sha256:a4c636df010564307ce1fe6e69379192de0c756f7766e61224da8a896ffd5fe1,1926
    pantry-tree:
      sha256: 903833765b601ec1cfd8bfeb2290dffaf6e551eaf4b1754c62858b181c414843
      size: 687
  original:
    hackage: memoize-1.1.1
snapshots:
- completed:
    sha256: 5cacb39a2c21842535dc0a31e2005d3b1eb18e451a89d58c28381e1efdb9520f
    size: 647983
    url: https://raw.githubusercontent.com/commercialhaskell/stackage-snapshots/master/nightly/2022/11/12.yaml
  original: nightly-2022-11-12
