# This file was autogenerated by Stack.
# You should not edit this file by hand.
# For more information, please see the documentation at:
#   https://docs.haskellstack.org/en/stable/lock_files

packages:
- completed:
    hackage: memoize-1.1.1@sha256:a4c636df010564307ce1fe6e69379192de0c756f7766e61224da8a896ffd5fe1,1926
    pantry-tree:
      sha256: 903833765b601ec1cfd8bfeb2290dffaf6e551eaf4b1754c62858b181c414843
      size: 687
  original:
    hackage: memoize-1.1.1
- completed:
    hackage: tardis-0.5.0@sha256:9eb3e42b73073686c5e5d0f35304f0dac3f7ad474c6b7aae0b44f9f7eb9b3003,1617
    pantry-tree:
      sha256: c4d26f3872c3d5e8ff59fca06dc41dc9213b92f67a94d217d054cb47c2cd6726
      size: 573
  original:
    hackage: tardis-0.5.0
- completed:
    hackage: smtp-mail-0.4.0.0@sha256:cabcf06e2b141c00afb14859ee577a5ffcbb7b32a878ef6c26256798f91dafde,1307
    pantry-tree:
      sha256: bfe9576d913ce15a39b713f20dfc1656686d00a8e58fac8f325c600f44ba658a
      size: 450
  original:
    hackage: smtp-mail-0.4.0.0
snapshots:
- completed:
    sha256: 28a863b358647f2d952fe7085ba11561aeb63eca6bc6fd1ce8fcf1cfe63717f5
    size: 719127
    url: https://raw.githubusercontent.com/commercialhaskell/stackage-snapshots/master/lts/22/24.yaml
  original: lts-22.24
